
Microsoft Visual Studio Solution File, Format Version 12.00
# Visual Studio Version 17
VisualStudioVersion = 17.14.36603.0 d17.14
MinimumVisualStudioVersion = 10.0.40219.1
Project("{FAE04EC0-301F-11D3-BF4B-00C04F79EFBC}") = "lucy the space cat", "lucy the space cat.csproj", "{F72CDC9D-072A-430B-9DB6-705B74BE4027}"
EndProject
Global
	GlobalSection(SolutionConfigurationPlatforms) = preSolution
		Debug|Any CPU = Debug|Any CPU
		Release|Any CPU = Release|Any CPU
	EndGlobalSection
	GlobalSection(ProjectConfigurationPlatforms) = postSolution
		{F72CDC9D-072A-430B-9DB6-705B74BE4027}.Debug|Any CPU.ActiveCfg = Debug|Any CPU
		{F72CDC9D-072A-430B-9DB6-705B74BE4027}.Debug|Any CPU.Build.0 = Debug|Any CPU
		{F72CDC9D-072A-430B-9DB6-705B74BE4027}.Release|Any CPU.ActiveCfg = Release|Any CPU
		{F72CDC9D-072A-430B-9DB6-705B74BE4027}.Release|Any CPU.Build.0 = Release|Any CPU
	EndGlobalSection
	GlobalSection(SolutionProperties) = preSolution
		HideSolutionNode = FALSE
	EndGlobalSection
	GlobalSection(ExtensibilityGlobals) = postSolution
		SolutionGuid = {97A82D4E-D477-47D1-BB29-9A6802F8ED57}
	EndGlobalSection
EndGlobal
