
Microsoft Visual Studio Solution File, Format Version 12.00
# Visual Studio Version 17
VisualStudioVersion = 17.14.36603.0 d17.14
MinimumVisualStudioVersion = 10.0.40219.1
Project("{FAE04EC0-301F-11D3-BF4B-00C04F79EFBC}") = "thebaud-sheima-a3-project", "thebaud-sheima-a3-project.csproj", "{AA1FB71C-D5E0-461D-9D61-52CD5430AA21}"
EndProject
Global
	GlobalSection(SolutionConfigurationPlatforms) = preSolution
		Debug|Any CPU = Debug|Any CPU
		Release|Any CPU = Release|Any CPU
	EndGlobalSection
	GlobalSection(ProjectConfigurationPlatforms) = postSolution
		{AA1FB71C-D5E0-461D-9D61-52CD5430AA21}.Debug|Any CPU.ActiveCfg = Debug|Any CPU
		{AA1FB71C-D5E0-461D-9D61-52CD5430AA21}.Debug|Any CPU.Build.0 = Debug|Any CPU
		{AA1FB71C-D5E0-461D-9D61-52CD5430AA21}.Release|Any CPU.ActiveCfg = Release|Any CPU
		{AA1FB71C-D5E0-461D-9D61-52CD5430AA21}.Release|Any CPU.Build.0 = Release|Any CPU
	EndGlobalSection
	GlobalSection(SolutionProperties) = preSolution
		HideSolutionNode = FALSE
	EndGlobalSection
	GlobalSection(ExtensibilityGlobals) = postSolution
		SolutionGuid = {63FC5894-8B92-4577-B887-4F553CE04292}
	EndGlobalSection
EndGlobal
